
Microsoft Visual Studio Solution File, Format Version 12.00
# Visual Studio Version 17
VisualStudioVersion = 17.12.35527.113
MinimumVisualStudioVersion = 10.0.40219.1
Project("{FAE04EC0-301F-11D3-BF4B-00C04F79EFBC}") = "Repository", "Repository\Repository.csproj", "{7469B33F-E2FF-4FCF-BC55-3C8B6499965D}"
EndProject
Project("{FAE04EC0-301F-11D3-BF4B-00C04F79EFBC}") = "TrixyWebapp", "TrixyWebapp\TrixyWebapp.csproj", "{09D61B17-AC2A-4775-8283-3631E6740F01}"
EndProject
Global
	GlobalSection(SolutionConfigurationPlatforms) = preSolution
		Debug|Any CPU = Debug|Any CPU
		Release|Any CPU = Release|Any CPU
	EndGlobalSection
	GlobalSection(ProjectConfigurationPlatforms) = postSolution
		{7469B33F-E2FF-4FCF-BC55-3C8B6499965D}.Debug|Any CPU.ActiveCfg = Debug|Any CPU
		{7469B33F-E2FF-4FCF-BC55-3C8B6499965D}.Debug|Any CPU.Build.0 = Debug|Any CPU
		{7469B33F-E2FF-4FCF-BC55-3C8B6499965D}.Release|Any CPU.ActiveCfg = Release|Any CPU
		{7469B33F-E2FF-4FCF-BC55-3C8B6499965D}.Release|Any CPU.Build.0 = Release|Any CPU
		{09D61B17-AC2A-4775-8283-3631E6740F01}.Debug|Any CPU.ActiveCfg = Debug|Any CPU
		{09D61B17-AC2A-4775-8283-3631E6740F01}.Debug|Any CPU.Build.0 = Debug|Any CPU
		{09D61B17-AC2A-4775-8283-3631E6740F01}.Release|Any CPU.ActiveCfg = Release|Any CPU
		{09D61B17-AC2A-4775-8283-3631E6740F01}.Release|Any CPU.Build.0 = Release|Any CPU
	EndGlobalSection
	GlobalSection(SolutionProperties) = preSolution
		HideSolutionNode = FALSE
	EndGlobalSection
EndGlobal
